
Microsoft Visual Studio Solution File, Format Version 12.00
# Visual Studio 15
VisualStudioVersion = 15.0.28307.1062
MinimumVisualStudioVersion = 10.0.40219.1
Project("{FAE04EC0-301F-11D3-BF4B-00C04F79EFBC}") = "LoginExample.Android", "LoginExample\LoginExample.Android\LoginExample.Android.csproj", "{ACA7E7A3-F194-4350-87C0-2BABB23ED61D}"
EndProject
Project("{FAE04EC0-301F-11D3-BF4B-00C04F79EFBC}") = "LoginExample.iOS", "LoginExample\LoginExample.iOS\LoginExample.iOS.csproj", "{BA6C6E8B-3911-4FFE-9363-E3E17F07CC4A}"
EndProject
Project("{FAE04EC0-301F-11D3-BF4B-00C04F79EFBC}") = "LoginExample.UWP", "LoginExample\LoginExample.UWP\LoginExample.UWP.csproj", "{C25E3080-5BA0-48E1-9320-970FEF31DEFF}"
EndProject
Project("{FAE04EC0-301F-11D3-BF4B-00C04F79EFBC}") = "LoginExample", "LoginExample\LoginExample\LoginExample.csproj", "{E5E6AD58-03E6-4911-BF04-D8EAC7CC4918}"
EndProject
Global
	GlobalSection(SolutionConfigurationPlatforms) = preSolution
		Ad-Hoc|Any CPU = Ad-Hoc|Any CPU
		Ad-Hoc|ARM = Ad-Hoc|ARM
		Ad-Hoc|iPhone = Ad-Hoc|iPhone
		Ad-Hoc|iPhoneSimulator = Ad-Hoc|iPhoneSimulator
		Ad-Hoc|x64 = Ad-Hoc|x64
		Ad-Hoc|x86 = Ad-Hoc|x86
		AppStore|Any CPU = AppStore|Any CPU
		AppStore|ARM = AppStore|ARM
		AppStore|iPhone = AppStore|iPhone
		AppStore|iPhoneSimulator = AppStore|iPhoneSimulator
		AppStore|x64 = AppStore|x64
		AppStore|x86 = AppStore|x86
		Debug|Any CPU = Debug|Any CPU
		Debug|ARM = Debug|ARM
		Debug|iPhone = Debug|iPhone
		Debug|iPhoneSimulator = Debug|iPhoneSimulator
		Debug|x64 = Debug|x64
		Debug|x86 = Debug|x86
		Release|Any CPU = Release|Any CPU
		Release|ARM = Release|ARM
		Release|iPhone = Release|iPhone
		Release|iPhoneSimulator = Release|iPhoneSimulator
		Release|x64 = Release|x64
		Release|x86 = Release|x86
	EndGlobalSection
	GlobalSection(ProjectConfigurationPlatforms) = postSolution
		{ACA7E7A3-F194-4350-87C0-2BABB23ED61D}.Ad-Hoc|Any CPU.ActiveCfg = Release|Any CPU
		{ACA7E7A3-F194-4350-87C0-2BABB23ED61D}.Ad-Hoc|Any CPU.Build.0 = Release|Any CPU
		{ACA7E7A3-F194-4350-87C0-2BABB23ED61D}.Ad-Hoc|Any CPU.Deploy.0 = Release|Any CPU
		{ACA7E7A3-F194-4350-87C0-2BABB23ED61D}.Ad-Hoc|ARM.ActiveCfg = Release|Any CPU
		{ACA7E7A3-F194-4350-87C0-2BABB23ED61D}.Ad-Hoc|ARM.Build.0 = Release|Any CPU
		{ACA7E7A3-F194-4350-87C0-2BABB23ED61D}.Ad-Hoc|ARM.Deploy.0 = Release|Any CPU
		{ACA7E7A3-F194-4350-87C0-2BABB23ED61D}.Ad-Hoc|iPhone.ActiveCfg = Release|Any CPU
		{ACA7E7A3-F194-4350-87C0-2BABB23ED61D}.Ad-Hoc|iPhone.Build.0 = Release|Any CPU
		{ACA7E7A3-F194-4350-87C0-2BABB23ED61D}.Ad-Hoc|iPhone.Deploy.0 = Release|Any CPU
		{ACA7E7A3-F194-4350-87C0-2BABB23ED61D}.Ad-Hoc|iPhoneSimulator.ActiveCfg = Release|Any CPU
		{ACA7E7A3-F194-4350-87C0-2BABB23ED61D}.Ad-Hoc|iPhoneSimulator.Build.0 = Release|Any CPU
		{ACA7E7A3-F194-4350-87C0-2BABB23ED61D}.Ad-Hoc|iPhoneSimulator.Deploy.0 = Release|Any CPU
		{ACA7E7A3-F194-4350-87C0-2BABB23ED61D}.Ad-Hoc|x64.ActiveCfg = Release|Any CPU
		{ACA7E7A3-F194-4350-87C0-2BABB23ED61D}.Ad-Hoc|x64.Build.0 = Release|Any CPU
		{ACA7E7A3-F194-4350-87C0-2BABB23ED61D}.Ad-Hoc|x64.Deploy.0 = Release|Any CPU
		{ACA7E7A3-F194-4350-87C0-2BABB23ED61D}.Ad-Hoc|x86.ActiveCfg = Release|Any CPU
		{ACA7E7A3-F194-4350-87C0-2BABB23ED61D}.Ad-Hoc|x86.Build.0 = Release|Any CPU
		{ACA7E7A3-F194-4350-87C0-2BABB23ED61D}.Ad-Hoc|x86.Deploy.0 = Release|Any CPU
		{ACA7E7A3-F194-4350-87C0-2BABB23ED61D}.AppStore|Any CPU.ActiveCfg = Release|Any CPU
		{ACA7E7A3-F194-4350-87C0-2BABB23ED61D}.AppStore|Any CPU.Build.0 = Release|Any CPU
		{ACA7E7A3-F194-4350-87C0-2BABB23ED61D}.AppStore|Any CPU.Deploy.0 = Release|Any CPU
		{ACA7E7A3-F194-4350-87C0-2BABB23ED61D}.AppStore|ARM.ActiveCfg = Release|Any CPU
		{ACA7E7A3-F194-4350-87C0-2BABB23ED61D}.AppStore|ARM.Build.0 = Release|Any CPU
		{ACA7E7A3-F194-4350-87C0-2BABB23ED61D}.AppStore|ARM.Deploy.0 = Release|Any CPU
		{ACA7E7A3-F194-4350-87C0-2BABB23ED61D}.AppStore|iPhone.ActiveCfg = Release|Any CPU
		{ACA7E7A3-F194-4350-87C0-2BABB23ED61D}.AppStore|iPhone.Build.0 = Release|Any CPU
		{ACA7E7A3-F194-4350-87C0-2BABB23ED61D}.AppStore|iPhone.Deploy.0 = Release|Any CPU
		{ACA7E7A3-F194-4350-87C0-2BABB23ED61D}.AppStore|iPhoneSimulator.ActiveCfg = Release|Any CPU
		{ACA7E7A3-F194-4350-87C0-2BABB23ED61D}.AppStore|iPhoneSimulator.Build.0 = Release|Any CPU
		{ACA7E7A3-F194-4350-87C0-2BABB23ED61D}.AppStore|iPhoneSimulator.Deploy.0 = Release|Any CPU
		{ACA7E7A3-F194-4350-87C0-2BABB23ED61D}.AppStore|x64.ActiveCfg = Release|Any CPU
		{ACA7E7A3-F194-4350-87C0-2BABB23ED61D}.AppStore|x64.Build.0 = Release|Any CPU
		{ACA7E7A3-F194-4350-87C0-2BABB23ED61D}.AppStore|x64.Deploy.0 = Release|Any CPU
		{ACA7E7A3-F194-4350-87C0-2BABB23ED61D}.AppStore|x86.ActiveCfg = Release|Any CPU
		{ACA7E7A3-F194-4350-87C0-2BABB23ED61D}.AppStore|x86.Build.0 = Release|Any CPU
		{ACA7E7A3-F194-4350-87C0-2BABB23ED61D}.AppStore|x86.Deploy.0 = Release|Any CPU
		{ACA7E7A3-F194-4350-87C0-2BABB23ED61D}.Debug|Any CPU.ActiveCfg = Debug|Any CPU
		{ACA7E7A3-F194-4350-87C0-2BABB23ED61D}.Debug|Any CPU.Build.0 = Debug|Any CPU
		{ACA7E7A3-F194-4350-87C0-2BABB23ED61D}.Debug|Any CPU.Deploy.0 = Debug|Any CPU
		{ACA7E7A3-F194-4350-87C0-2BABB23ED61D}.Debug|ARM.ActiveCfg = Debug|Any CPU
		{ACA7E7A3-F194-4350-87C0-2BABB23ED61D}.Debug|ARM.Build.0 = Debug|Any CPU
		{ACA7E7A3-F194-4350-87C0-2BABB23ED61D}.Debug|ARM.Deploy.0 = Debug|Any CPU
		{ACA7E7A3-F194-4350-87C0-2BABB23ED61D}.Debug|iPhone.ActiveCfg = Debug|Any CPU
		{ACA7E7A3-F194-4350-87C0-2BABB23ED61D}.Debug|iPhone.Build.0 = Debug|Any CPU
		{ACA7E7A3-F194-4350-87C0-2BABB23ED61D}.Debug|iPhone.Deploy.0 = Debug|Any CPU
		{ACA7E7A3-F194-4350-87C0-2BABB23ED61D}.Debug|iPhoneSimulator.ActiveCfg = Debug|Any CPU
		{ACA7E7A3-F194-4350-87C0-2BABB23ED61D}.Debug|iPhoneSimulator.Build.0 = Debug|Any CPU
		{ACA7E7A3-F194-4350-87C0-2BABB23ED61D}.Debug|iPhoneSimulator.Deploy.0 = Debug|Any CPU
		{ACA7E7A3-F194-4350-87C0-2BABB23ED61D}.Debug|x64.ActiveCfg = Debug|Any CPU
		{ACA7E7A3-F194-4350-87C0-2BABB23ED61D}.Debug|x64.Build.0 = Debug|Any CPU
		{ACA7E7A3-F194-4350-87C0-2BABB23ED61D}.Debug|x64.Deploy.0 = Debug|Any CPU
		{ACA7E7A3-F194-4350-87C0-2BABB23ED61D}.Debug|x86.ActiveCfg = Debug|Any CPU
		{ACA7E7A3-F194-4350-87C0-2BABB23ED61D}.Debug|x86.Build.0 = Debug|Any CPU
		{ACA7E7A3-F194-4350-87C0-2BABB23ED61D}.Debug|x86.Deploy.0 = Debug|Any CPU
		{ACA7E7A3-F194-4350-87C0-2BABB23ED61D}.Release|Any CPU.ActiveCfg = Release|Any CPU
		{ACA7E7A3-F194-4350-87C0-2BABB23ED61D}.Release|Any CPU.Build.0 = Release|Any CPU
		{ACA7E7A3-F194-4350-87C0-2BABB23ED61D}.Release|Any CPU.Deploy.0 = Release|Any CPU
		{ACA7E7A3-F194-4350-87C0-2BABB23ED61D}.Release|ARM.ActiveCfg = Release|Any CPU
		{ACA7E7A3-F194-4350-87C0-2BABB23ED61D}.Release|ARM.Build.0 = Release|Any CPU
		{ACA7E7A3-F194-4350-87C0-2BABB23ED61D}.Release|ARM.Deploy.0 = Release|Any CPU
		{ACA7E7A3-F194-4350-87C0-2BABB23ED61D}.Release|iPhone.ActiveCfg = Release|Any CPU
		{ACA7E7A3-F194-4350-87C0-2BABB23ED61D}.Release|iPhone.Build.0 = Release|Any CPU
		{ACA7E7A3-F194-4350-87C0-2BABB23ED61D}.Release|iPhone.Deploy.0 = Release|Any CPU
		{ACA7E7A3-F194-4350-87C0-2BABB23ED61D}.Release|iPhoneSimulator.ActiveCfg = Release|Any CPU
		{ACA7E7A3-F194-4350-87C0-2BABB23ED61D}.Release|iPhoneSimulator.Build.0 = Release|Any CPU
		{ACA7E7A3-F194-4350-87C0-2BABB23ED61D}.Release|iPhoneSimulator.Deploy.0 = Release|Any CPU
		{ACA7E7A3-F194-4350-87C0-2BABB23ED61D}.Release|x64.ActiveCfg = Release|Any CPU
		{ACA7E7A3-F194-4350-87C0-2BABB23ED61D}.Release|x64.Build.0 = Release|Any CPU
		{ACA7E7A3-F194-4350-87C0-2BABB23ED61D}.Release|x64.Deploy.0 = Release|Any CPU
		{ACA7E7A3-F194-4350-87C0-2BABB23ED61D}.Release|x86.ActiveCfg = Release|Any CPU
		{ACA7E7A3-F194-4350-87C0-2BABB23ED61D}.Release|x86.Build.0 = Release|Any CPU
		{ACA7E7A3-F194-4350-87C0-2BABB23ED61D}.Release|x86.Deploy.0 = Release|Any CPU
		{BA6C6E8B-3911-4FFE-9363-E3E17F07CC4A}.Ad-Hoc|Any CPU.ActiveCfg = Ad-Hoc|iPhone
		{BA6C6E8B-3911-4FFE-9363-E3E17F07CC4A}.Ad-Hoc|Any CPU.Build.0 = Ad-Hoc|iPhone
		{BA6C6E8B-3911-4FFE-9363-E3E17F07CC4A}.Ad-Hoc|Any CPU.Deploy.0 = Ad-Hoc|iPhone
		{BA6C6E8B-3911-4FFE-9363-E3E17F07CC4A}.Ad-Hoc|ARM.ActiveCfg = Ad-Hoc|iPhone
		{BA6C6E8B-3911-4FFE-9363-E3E17F07CC4A}.Ad-Hoc|ARM.Build.0 = Ad-Hoc|iPhone
		{BA6C6E8B-3911-4FFE-9363-E3E17F07CC4A}.Ad-Hoc|ARM.Deploy.0 = Ad-Hoc|iPhone
		{BA6C6E8B-3911-4FFE-9363-E3E17F07CC4A}.Ad-Hoc|iPhone.ActiveCfg = Ad-Hoc|iPhone
		{BA6C6E8B-3911-4FFE-9363-E3E17F07CC4A}.Ad-Hoc|iPhone.Build.0 = Ad-Hoc|iPhone
		{BA6C6E8B-3911-4FFE-9363-E3E17F07CC4A}.Ad-Hoc|iPhone.Deploy.0 = Ad-Hoc|iPhone
		{BA6C6E8B-3911-4FFE-9363-E3E17F07CC4A}.Ad-Hoc|iPhoneSimulator.ActiveCfg = Ad-Hoc|iPhoneSimulator
		{BA6C6E8B-3911-4FFE-9363-E3E17F07CC4A}.Ad-Hoc|iPhoneSimulator.Build.0 = Ad-Hoc|iPhoneSimulator
		{BA6C6E8B-3911-4FFE-9363-E3E17F07CC4A}.Ad-Hoc|iPhoneSimulator.Deploy.0 = Ad-Hoc|iPhoneSimulator
		{BA6C6E8B-3911-4FFE-9363-E3E17F07CC4A}.Ad-Hoc|x64.ActiveCfg = Ad-Hoc|iPhone
		{BA6C6E8B-3911-4FFE-9363-E3E17F07CC4A}.Ad-Hoc|x64.Build.0 = Ad-Hoc|iPhone
		{BA6C6E8B-3911-4FFE-9363-E3E17F07CC4A}.Ad-Hoc|x64.Deploy.0 = Ad-Hoc|iPhone
		{BA6C6E8B-3911-4FFE-9363-E3E17F07CC4A}.Ad-Hoc|x86.ActiveCfg = Ad-Hoc|iPhone
		{BA6C6E8B-3911-4FFE-9363-E3E17F07CC4A}.Ad-Hoc|x86.Build.0 = Ad-Hoc|iPhone
		{BA6C6E8B-3911-4FFE-9363-E3E17F07CC4A}.Ad-Hoc|x86.Deploy.0 = Ad-Hoc|iPhone
		{BA6C6E8B-3911-4FFE-9363-E3E17F07CC4A}.AppStore|Any CPU.ActiveCfg = AppStore|iPhone
		{BA6C6E8B-3911-4FFE-9363-E3E17F07CC4A}.AppStore|Any CPU.Build.0 = AppStore|iPhone
		{BA6C6E8B-3911-4FFE-9363-E3E17F07CC4A}.AppStore|Any CPU.Deploy.0 = AppStore|iPhone
		{BA6C6E8B-3911-4FFE-9363-E3E17F07CC4A}.AppStore|ARM.ActiveCfg = AppStore|iPhone
		{BA6C6E8B-3911-4FFE-9363-E3E17F07CC4A}.AppStore|ARM.Build.0 = AppStore|iPhone
		{BA6C6E8B-3911-4FFE-9363-E3E17F07CC4A}.AppStore|ARM.Deploy.0 = AppStore|iPhone
		{BA6C6E8B-3911-4FFE-9363-E3E17F07CC4A}.AppStore|iPhone.ActiveCfg = AppStore|iPhone
		{BA6C6E8B-3911-4FFE-9363-E3E17F07CC4A}.AppStore|iPhone.Build.0 = AppStore|iPhone
		{BA6C6E8B-3911-4FFE-9363-E3E17F07CC4A}.AppStore|iPhone.Deploy.0 = AppStore|iPhone
		{BA6C6E8B-3911-4FFE-9363-E3E17F07CC4A}.AppStore|iPhoneSimulator.ActiveCfg = AppStore|iPhoneSimulator
		{BA6C6E8B-3911-4FFE-9363-E3E17F07CC4A}.AppStore|iPhoneSimulator.Build.0 = AppStore|iPhoneSimulator
		{BA6C6E8B-3911-4FFE-9363-E3E17F07CC4A}.AppStore|iPhoneSimulator.Deploy.0 = AppStore|iPhoneSimulator
		{BA6C6E8B-3911-4FFE-9363-E3E17F07CC4A}.AppStore|x64.ActiveCfg = AppStore|iPhone
		{BA6C6E8B-3911-4FFE-9363-E3E17F07CC4A}.AppStore|x64.Build.0 = AppStore|iPhone
		{BA6C6E8B-3911-4FFE-9363-E3E17F07CC4A}.AppStore|x64.Deploy.0 = AppStore|iPhone
		{BA6C6E8B-3911-4FFE-9363-E3E17F07CC4A}.AppStore|x86.ActiveCfg = AppStore|iPhone
		{BA6C6E8B-3911-4FFE-9363-E3E17F07CC4A}.AppStore|x86.Build.0 = AppStore|iPhone
		{BA6C6E8B-3911-4FFE-9363-E3E17F07CC4A}.AppStore|x86.Deploy.0 = AppStore|iPhone
		{BA6C6E8B-3911-4FFE-9363-E3E17F07CC4A}.Debug|Any CPU.ActiveCfg = Debug|iPhoneSimulator
		{BA6C6E8B-3911-4FFE-9363-E3E17F07CC4A}.Debug|Any CPU.Build.0 = Debug|iPhoneSimulator
		{BA6C6E8B-3911-4FFE-9363-E3E17F07CC4A}.Debug|Any CPU.Deploy.0 = Debug|iPhoneSimulator
		{BA6C6E8B-3911-4FFE-9363-E3E17F07CC4A}.Debug|ARM.ActiveCfg = Debug|iPhone
		{BA6C6E8B-3911-4FFE-9363-E3E17F07CC4A}.Debug|ARM.Build.0 = Debug|iPhone
		{BA6C6E8B-3911-4FFE-9363-E3E17F07CC4A}.Debug|ARM.Deploy.0 = Debug|iPhone
		{BA6C6E8B-3911-4FFE-9363-E3E17F07CC4A}.Debug|iPhone.ActiveCfg = Debug|iPhone
		{BA6C6E8B-3911-4FFE-9363-E3E17F07CC4A}.Debug|iPhone.Build.0 = Debug|iPhone
		{BA6C6E8B-3911-4FFE-9363-E3E17F07CC4A}.Debug|iPhone.Deploy.0 = Debug|iPhone
		{BA6C6E8B-3911-4FFE-9363-E3E17F07CC4A}.Debug|iPhoneSimulator.ActiveCfg = Debug|iPhoneSimulator
		{BA6C6E8B-3911-4FFE-9363-E3E17F07CC4A}.Debug|iPhoneSimulator.Build.0 = Debug|iPhoneSimulator
		{BA6C6E8B-3911-4FFE-9363-E3E17F07CC4A}.Debug|iPhoneSimulator.Deploy.0 = Debug|iPhoneSimulator
		{BA6C6E8B-3911-4FFE-9363-E3E17F07CC4A}.Debug|x64.ActiveCfg = Debug|iPhone
		{BA6C6E8B-3911-4FFE-9363-E3E17F07CC4A}.Debug|x64.Build.0 = Debug|iPhone
		{BA6C6E8B-3911-4FFE-9363-E3E17F07CC4A}.Debug|x64.Deploy.0 = Debug|iPhone
		{BA6C6E8B-3911-4FFE-9363-E3E17F07CC4A}.Debug|x86.ActiveCfg = Debug|iPhone
		{BA6C6E8B-3911-4FFE-9363-E3E17F07CC4A}.Debug|x86.Build.0 = Debug|iPhone
		{BA6C6E8B-3911-4FFE-9363-E3E17F07CC4A}.Debug|x86.Deploy.0 = Debug|iPhone
		{BA6C6E8B-3911-4FFE-9363-E3E17F07CC4A}.Release|Any CPU.ActiveCfg = Release|iPhone
		{BA6C6E8B-3911-4FFE-9363-E3E17F07CC4A}.Release|Any CPU.Build.0 = Release|iPhone
		{BA6C6E8B-3911-4FFE-9363-E3E17F07CC4A}.Release|Any CPU.Deploy.0 = Release|iPhone
		{BA6C6E8B-3911-4FFE-9363-E3E17F07CC4A}.Release|ARM.ActiveCfg = Release|iPhone
		{BA6C6E8B-3911-4FFE-9363-E3E17F07CC4A}.Release|ARM.Build.0 = Release|iPhone
		{BA6C6E8B-3911-4FFE-9363-E3E17F07CC4A}.Release|ARM.Deploy.0 = Release|iPhone
		{BA6C6E8B-3911-4FFE-9363-E3E17F07CC4A}.Release|iPhone.ActiveCfg = Release|iPhone
		{BA6C6E8B-3911-4FFE-9363-E3E17F07CC4A}.Release|iPhone.Build.0 = Release|iPhone
		{BA6C6E8B-3911-4FFE-9363-E3E17F07CC4A}.Release|iPhone.Deploy.0 = Release|iPhone
		{BA6C6E8B-3911-4FFE-9363-E3E17F07CC4A}.Release|iPhoneSimulator.ActiveCfg = Release|iPhoneSimulator
		{BA6C6E8B-3911-4FFE-9363-E3E17F07CC4A}.Release|iPhoneSimulator.Build.0 = Release|iPhoneSimulator
		{BA6C6E8B-3911-4FFE-9363-E3E17F07CC4A}.Release|iPhoneSimulator.Deploy.0 = Release|iPhoneSimulator
		{BA6C6E8B-3911-4FFE-9363-E3E17F07CC4A}.Release|x64.ActiveCfg = Release|iPhone
		{BA6C6E8B-3911-4FFE-9363-E3E17F07CC4A}.Release|x64.Build.0 = Release|iPhone
		{BA6C6E8B-3911-4FFE-9363-E3E17F07CC4A}.Release|x64.Deploy.0 = Release|iPhone
		{BA6C6E8B-3911-4FFE-9363-E3E17F07CC4A}.Release|x86.ActiveCfg = Release|iPhone
		{BA6C6E8B-3911-4FFE-9363-E3E17F07CC4A}.Release|x86.Build.0 = Release|iPhone
		{BA6C6E8B-3911-4FFE-9363-E3E17F07CC4A}.Release|x86.Deploy.0 = Release|iPhone
		{C25E3080-5BA0-48E1-9320-970FEF31DEFF}.Ad-Hoc|Any CPU.ActiveCfg = Release|x86
		{C25E3080-5BA0-48E1-9320-970FEF31DEFF}.Ad-Hoc|Any CPU.Build.0 = Release|x86
		{C25E3080-5BA0-48E1-9320-970FEF31DEFF}.Ad-Hoc|Any CPU.Deploy.0 = Release|x86
		{C25E3080-5BA0-48E1-9320-970FEF31DEFF}.Ad-Hoc|ARM.ActiveCfg = Release|ARM
		{C25E3080-5BA0-48E1-9320-970FEF31DEFF}.Ad-Hoc|ARM.Build.0 = Release|ARM
		{C25E3080-5BA0-48E1-9320-970FEF31DEFF}.Ad-Hoc|ARM.Deploy.0 = Release|ARM
		{C25E3080-5BA0-48E1-9320-970FEF31DEFF}.Ad-Hoc|iPhone.ActiveCfg = Release|x86
		{C25E3080-5BA0-48E1-9320-970FEF31DEFF}.Ad-Hoc|iPhone.Build.0 = Release|x86
		{C25E3080-5BA0-48E1-9320-970FEF31DEFF}.Ad-Hoc|iPhone.Deploy.0 = Release|x86
		{C25E3080-5BA0-48E1-9320-970FEF31DEFF}.Ad-Hoc|iPhoneSimulator.ActiveCfg = Release|x86
		{C25E3080-5BA0-48E1-9320-970FEF31DEFF}.Ad-Hoc|iPhoneSimulator.Build.0 = Release|x86
		{C25E3080-5BA0-48E1-9320-970FEF31DEFF}.Ad-Hoc|iPhoneSimulator.Deploy.0 = Release|x86
		{C25E3080-5BA0-48E1-9320-970FEF31DEFF}.Ad-Hoc|x64.ActiveCfg = Release|x64
		{C25E3080-5BA0-48E1-9320-970FEF31DEFF}.Ad-Hoc|x64.Build.0 = Release|x64
		{C25E3080-5BA0-48E1-9320-970FEF31DEFF}.Ad-Hoc|x64.Deploy.0 = Release|x64
		{C25E3080-5BA0-48E1-9320-970FEF31DEFF}.Ad-Hoc|x86.ActiveCfg = Release|x86
		{C25E3080-5BA0-48E1-9320-970FEF31DEFF}.Ad-Hoc|x86.Build.0 = Release|x86
		{C25E3080-5BA0-48E1-9320-970FEF31DEFF}.Ad-Hoc|x86.Deploy.0 = Release|x86
		{C25E3080-5BA0-48E1-9320-970FEF31DEFF}.AppStore|Any CPU.ActiveCfg = Release|x86
		{C25E3080-5BA0-48E1-9320-970FEF31DEFF}.AppStore|Any CPU.Build.0 = Release|x86
		{C25E3080-5BA0-48E1-9320-970FEF31DEFF}.AppStore|Any CPU.Deploy.0 = Release|x86
		{C25E3080-5BA0-48E1-9320-970FEF31DEFF}.AppStore|ARM.ActiveCfg = Release|ARM
		{C25E3080-5BA0-48E1-9320-970FEF31DEFF}.AppStore|ARM.Build.0 = Release|ARM
		{C25E3080-5BA0-48E1-9320-970FEF31DEFF}.AppStore|ARM.Deploy.0 = Release|ARM
		{C25E3080-5BA0-48E1-9320-970FEF31DEFF}.AppStore|iPhone.ActiveCfg = Release|x86
		{C25E3080-5BA0-48E1-9320-970FEF31DEFF}.AppStore|iPhone.Build.0 = Release|x86
		{C25E3080-5BA0-48E1-9320-970FEF31DEFF}.AppStore|iPhone.Deploy.0 = Release|x86
		{C25E3080-5BA0-48E1-9320-970FEF31DEFF}.AppStore|iPhoneSimulator.ActiveCfg = Release|x86
		{C25E3080-5BA0-48E1-9320-970FEF31DEFF}.AppStore|iPhoneSimulator.Build.0 = Release|x86
		{C25E3080-5BA0-48E1-9320-970FEF31DEFF}.AppStore|iPhoneSimulator.Deploy.0 = Release|x86
		{C25E3080-5BA0-48E1-9320-970FEF31DEFF}.AppStore|x64.ActiveCfg = Release|x64
		{C25E3080-5BA0-48E1-9320-970FEF31DEFF}.AppStore|x64.Build.0 = Release|x64
		{C25E3080-5BA0-48E1-9320-970FEF31DEFF}.AppStore|x64.Deploy.0 = Release|x64
		{C25E3080-5BA0-48E1-9320-970FEF31DEFF}.AppStore|x86.ActiveCfg = Release|x86
		{C25E3080-5BA0-48E1-9320-970FEF31DEFF}.AppStore|x86.Build.0 = Release|x86
		{C25E3080-5BA0-48E1-9320-970FEF31DEFF}.AppStore|x86.Deploy.0 = Release|x86
		{C25E3080-5BA0-48E1-9320-970FEF31DEFF}.Debug|Any CPU.ActiveCfg = Debug|x86
		{C25E3080-5BA0-48E1-9320-970FEF31DEFF}.Debug|Any CPU.Build.0 = Debug|x86
		{C25E3080-5BA0-48E1-9320-970FEF31DEFF}.Debug|Any CPU.Deploy.0 = Debug|x86
		{C25E3080-5BA0-48E1-9320-970FEF31DEFF}.Debug|ARM.ActiveCfg = Debug|ARM
		{C25E3080-5BA0-48E1-9320-970FEF31DEFF}.Debug|ARM.Build.0 = Debug|ARM
		{C25E3080-5BA0-48E1-9320-970FEF31DEFF}.Debug|ARM.Deploy.0 = Debug|ARM
		{C25E3080-5BA0-48E1-9320-970FEF31DEFF}.Debug|iPhone.ActiveCfg = Debug|x86
		{C25E3080-5BA0-48E1-9320-970FEF31DEFF}.Debug|iPhone.Build.0 = Debug|x86
		{C25E3080-5BA0-48E1-9320-970FEF31DEFF}.Debug|iPhone.Deploy.0 = Debug|x86
		{C25E3080-5BA0-48E1-9320-970FEF31DEFF}.Debug|iPhoneSimulator.ActiveCfg = Debug|x86
		{C25E3080-5BA0-48E1-9320-970FEF31DEFF}.Debug|iPhoneSimulator.Build.0 = Debug|x86
		{C25E3080-5BA0-48E1-9320-970FEF31DEFF}.Debug|iPhoneSimulator.Deploy.0 = Debug|x86
		{C25E3080-5BA0-48E1-9320-970FEF31DEFF}.Debug|x64.ActiveCfg = Debug|x64
		{C25E3080-5BA0-48E1-9320-970FEF31DEFF}.Debug|x64.Build.0 = Debug|x64
		{C25E3080-5BA0-48E1-9320-970FEF31DEFF}.Debug|x64.Deploy.0 = Debug|x64
		{C25E3080-5BA0-48E1-9320-970FEF31DEFF}.Debug|x86.ActiveCfg = Debug|x86
		{C25E3080-5BA0-48E1-9320-970FEF31DEFF}.Debug|x86.Build.0 = Debug|x86
		{C25E3080-5BA0-48E1-9320-970FEF31DEFF}.Debug|x86.Deploy.0 = Debug|x86
		{C25E3080-5BA0-48E1-9320-970FEF31DEFF}.Release|Any CPU.ActiveCfg = Release|x86
		{C25E3080-5BA0-48E1-9320-970FEF31DEFF}.Release|Any CPU.Build.0 = Release|x86
		{C25E3080-5BA0-48E1-9320-970FEF31DEFF}.Release|Any CPU.Deploy.0 = Release|x86
		{C25E3080-5BA0-48E1-9320-970FEF31DEFF}.Release|ARM.ActiveCfg = Release|ARM
		{C25E3080-5BA0-48E1-9320-970FEF31DEFF}.Release|ARM.Build.0 = Release|ARM
		{C25E3080-5BA0-48E1-9320-970FEF31DEFF}.Release|ARM.Deploy.0 = Release|ARM
		{C25E3080-5BA0-48E1-9320-970FEF31DEFF}.Release|iPhone.ActiveCfg = Release|x86
		{C25E3080-5BA0-48E1-9320-970FEF31DEFF}.Release|iPhone.Build.0 = Release|x86
		{C25E3080-5BA0-48E1-9320-970FEF31DEFF}.Release|iPhone.Deploy.0 = Release|x86
		{C25E3080-5BA0-48E1-9320-970FEF31DEFF}.Release|iPhoneSimulator.ActiveCfg = Release|x86
		{C25E3080-5BA0-48E1-9320-970FEF31DEFF}.Release|iPhoneSimulator.Build.0 = Release|x86
		{C25E3080-5BA0-48E1-9320-970FEF31DEFF}.Release|iPhoneSimulator.Deploy.0 = Release|x86
		{C25E3080-5BA0-48E1-9320-970FEF31DEFF}.Release|x64.ActiveCfg = Release|x64
		{C25E3080-5BA0-48E1-9320-970FEF31DEFF}.Release|x64.Build.0 = Release|x64
		{C25E3080-5BA0-48E1-9320-970FEF31DEFF}.Release|x64.Deploy.0 = Release|x64
		{C25E3080-5BA0-48E1-9320-970FEF31DEFF}.Release|x86.ActiveCfg = Release|x86
		{C25E3080-5BA0-48E1-9320-970FEF31DEFF}.Release|x86.Build.0 = Release|x86
		{C25E3080-5BA0-48E1-9320-970FEF31DEFF}.Release|x86.Deploy.0 = Release|x86
		{E5E6AD58-03E6-4911-BF04-D8EAC7CC4918}.Ad-Hoc|Any CPU.ActiveCfg = Debug|Any CPU
		{E5E6AD58-03E6-4911-BF04-D8EAC7CC4918}.Ad-Hoc|Any CPU.Build.0 = Debug|Any CPU
		{E5E6AD58-03E6-4911-BF04-D8EAC7CC4918}.Ad-Hoc|Any CPU.Deploy.0 = Debug|Any CPU
		{E5E6AD58-03E6-4911-BF04-D8EAC7CC4918}.Ad-Hoc|ARM.ActiveCfg = Debug|Any CPU
		{E5E6AD58-03E6-4911-BF04-D8EAC7CC4918}.Ad-Hoc|ARM.Build.0 = Debug|Any CPU
		{E5E6AD58-03E6-4911-BF04-D8EAC7CC4918}.Ad-Hoc|ARM.Deploy.0 = Debug|Any CPU
		{E5E6AD58-03E6-4911-BF04-D8EAC7CC4918}.Ad-Hoc|iPhone.ActiveCfg = Debug|Any CPU
		{E5E6AD58-03E6-4911-BF04-D8EAC7CC4918}.Ad-Hoc|iPhone.Build.0 = Debug|Any CPU
		{E5E6AD58-03E6-4911-BF04-D8EAC7CC4918}.Ad-Hoc|iPhone.Deploy.0 = Debug|Any CPU
		{E5E6AD58-03E6-4911-BF04-D8EAC7CC4918}.Ad-Hoc|iPhoneSimulator.ActiveCfg = Debug|Any CPU
		{E5E6AD58-03E6-4911-BF04-D8EAC7CC4918}.Ad-Hoc|iPhoneSimulator.Build.0 = Debug|Any CPU
		{E5E6AD58-03E6-4911-BF04-D8EAC7CC4918}.Ad-Hoc|iPhoneSimulator.Deploy.0 = Debug|Any CPU
		{E5E6AD58-03E6-4911-BF04-D8EAC7CC4918}.Ad-Hoc|x64.ActiveCfg = Debug|Any CPU
		{E5E6AD58-03E6-4911-BF04-D8EAC7CC4918}.Ad-Hoc|x64.Build.0 = Debug|Any CPU
		{E5E6AD58-03E6-4911-BF04-D8EAC7CC4918}.Ad-Hoc|x64.Deploy.0 = Debug|Any CPU
		{E5E6AD58-03E6-4911-BF04-D8EAC7CC4918}.Ad-Hoc|x86.ActiveCfg = Debug|Any CPU
		{E5E6AD58-03E6-4911-BF04-D8EAC7CC4918}.Ad-Hoc|x86.Build.0 = Debug|Any CPU
		{E5E6AD58-03E6-4911-BF04-D8EAC7CC4918}.Ad-Hoc|x86.Deploy.0 = Debug|Any CPU
		{E5E6AD58-03E6-4911-BF04-D8EAC7CC4918}.AppStore|Any CPU.ActiveCfg = Debug|Any CPU
		{E5E6AD58-03E6-4911-BF04-D8EAC7CC4918}.AppStore|Any CPU.Build.0 = Debug|Any CPU
		{E5E6AD58-03E6-4911-BF04-D8EAC7CC4918}.AppStore|Any CPU.Deploy.0 = Debug|Any CPU
		{E5E6AD58-03E6-4911-BF04-D8EAC7CC4918}.AppStore|ARM.ActiveCfg = Debug|Any CPU
		{E5E6AD58-03E6-4911-BF04-D8EAC7CC4918}.AppStore|ARM.Build.0 = Debug|Any CPU
		{E5E6AD58-03E6-4911-BF04-D8EAC7CC4918}.AppStore|ARM.Deploy.0 = Debug|Any CPU
		{E5E6AD58-03E6-4911-BF04-D8EAC7CC4918}.AppStore|iPhone.ActiveCfg = Debug|Any CPU
		{E5E6AD58-03E6-4911-BF04-D8EAC7CC4918}.AppStore|iPhone.Build.0 = Debug|Any CPU
		{E5E6AD58-03E6-4911-BF04-D8EAC7CC4918}.AppStore|iPhone.Deploy.0 = Debug|Any CPU
		{E5E6AD58-03E6-4911-BF04-D8EAC7CC4918}.AppStore|iPhoneSimulator.ActiveCfg = Debug|Any CPU
		{E5E6AD58-03E6-4911-BF04-D8EAC7CC4918}.AppStore|iPhoneSimulator.Build.0 = Debug|Any CPU
		{E5E6AD58-03E6-4911-BF04-D8EAC7CC4918}.AppStore|iPhoneSimulator.Deploy.0 = Debug|Any CPU
		{E5E6AD58-03E6-4911-BF04-D8EAC7CC4918}.AppStore|x64.ActiveCfg = Debug|Any CPU
		{E5E6AD58-03E6-4911-BF04-D8EAC7CC4918}.AppStore|x64.Build.0 = Debug|Any CPU
		{E5E6AD58-03E6-4911-BF04-D8EAC7CC4918}.AppStore|x64.Deploy.0 = Debug|Any CPU
		{E5E6AD58-03E6-4911-BF04-D8EAC7CC4918}.AppStore|x86.ActiveCfg = Debug|Any CPU
		{E5E6AD58-03E6-4911-BF04-D8EAC7CC4918}.AppStore|x86.Build.0 = Debug|Any CPU
		{E5E6AD58-03E6-4911-BF04-D8EAC7CC4918}.AppStore|x86.Deploy.0 = Debug|Any CPU
		{E5E6AD58-03E6-4911-BF04-D8EAC7CC4918}.Debug|Any CPU.ActiveCfg = Debug|Any CPU
		{E5E6AD58-03E6-4911-BF04-D8EAC7CC4918}.Debug|Any CPU.Build.0 = Debug|Any CPU
		{E5E6AD58-03E6-4911-BF04-D8EAC7CC4918}.Debug|Any CPU.Deploy.0 = Debug|Any CPU
		{E5E6AD58-03E6-4911-BF04-D8EAC7CC4918}.Debug|ARM.ActiveCfg = Debug|Any CPU
		{E5E6AD58-03E6-4911-BF04-D8EAC7CC4918}.Debug|ARM.Build.0 = Debug|Any CPU
		{E5E6AD58-03E6-4911-BF04-D8EAC7CC4918}.Debug|ARM.Deploy.0 = Debug|Any CPU
		{E5E6AD58-03E6-4911-BF04-D8EAC7CC4918}.Debug|iPhone.ActiveCfg = Debug|Any CPU
		{E5E6AD58-03E6-4911-BF04-D8EAC7CC4918}.Debug|iPhone.Build.0 = Debug|Any CPU
		{E5E6AD58-03E6-4911-BF04-D8EAC7CC4918}.Debug|iPhone.Deploy.0 = Debug|Any CPU
		{E5E6AD58-03E6-4911-BF04-D8EAC7CC4918}.Debug|iPhoneSimulator.ActiveCfg = Debug|Any CPU
		{E5E6AD58-03E6-4911-BF04-D8EAC7CC4918}.Debug|iPhoneSimulator.Build.0 = Debug|Any CPU
		{E5E6AD58-03E6-4911-BF04-D8EAC7CC4918}.Debug|iPhoneSimulator.Deploy.0 = Debug|Any CPU
		{E5E6AD58-03E6-4911-BF04-D8EAC7CC4918}.Debug|x64.ActiveCfg = Debug|Any CPU
		{E5E6AD58-03E6-4911-BF04-D8EAC7CC4918}.Debug|x64.Build.0 = Debug|Any CPU
		{E5E6AD58-03E6-4911-BF04-D8EAC7CC4918}.Debug|x64.Deploy.0 = Debug|Any CPU
		{E5E6AD58-03E6-4911-BF04-D8EAC7CC4918}.Debug|x86.ActiveCfg = Debug|Any CPU
		{E5E6AD58-03E6-4911-BF04-D8EAC7CC4918}.Debug|x86.Build.0 = Debug|Any CPU
		{E5E6AD58-03E6-4911-BF04-D8EAC7CC4918}.Debug|x86.Deploy.0 = Debug|Any CPU
		{E5E6AD58-03E6-4911-BF04-D8EAC7CC4918}.Release|Any CPU.ActiveCfg = Release|Any CPU
		{E5E6AD58-03E6-4911-BF04-D8EAC7CC4918}.Release|Any CPU.Build.0 = Release|Any CPU
		{E5E6AD58-03E6-4911-BF04-D8EAC7CC4918}.Release|Any CPU.Deploy.0 = Release|Any CPU
		{E5E6AD58-03E6-4911-BF04-D8EAC7CC4918}.Release|ARM.ActiveCfg = Release|Any CPU
		{E5E6AD58-03E6-4911-BF04-D8EAC7CC4918}.Release|ARM.Build.0 = Release|Any CPU
		{E5E6AD58-03E6-4911-BF04-D8EAC7CC4918}.Release|ARM.Deploy.0 = Release|Any CPU
		{E5E6AD58-03E6-4911-BF04-D8EAC7CC4918}.Release|iPhone.ActiveCfg = Release|Any CPU
		{E5E6AD58-03E6-4911-BF04-D8EAC7CC4918}.Release|iPhone.Build.0 = Release|Any CPU
		{E5E6AD58-03E6-4911-BF04-D8EAC7CC4918}.Release|iPhone.Deploy.0 = Release|Any CPU
		{E5E6AD58-03E6-4911-BF04-D8EAC7CC4918}.Release|iPhoneSimulator.ActiveCfg = Release|Any CPU
		{E5E6AD58-03E6-4911-BF04-D8EAC7CC4918}.Release|iPhoneSimulator.Build.0 = Release|Any CPU
		{E5E6AD58-03E6-4911-BF04-D8EAC7CC4918}.Release|iPhoneSimulator.Deploy.0 = Release|Any CPU
		{E5E6AD58-03E6-4911-BF04-D8EAC7CC4918}.Release|x64.ActiveCfg = Release|Any CPU
		{E5E6AD58-03E6-4911-BF04-D8EAC7CC4918}.Release|x64.Build.0 = Release|Any CPU
		{E5E6AD58-03E6-4911-BF04-D8EAC7CC4918}.Release|x64.Deploy.0 = Release|Any CPU
		{E5E6AD58-03E6-4911-BF04-D8EAC7CC4918}.Release|x86.ActiveCfg = Release|Any CPU
		{E5E6AD58-03E6-4911-BF04-D8EAC7CC4918}.Release|x86.Build.0 = Release|Any CPU
		{E5E6AD58-03E6-4911-BF04-D8EAC7CC4918}.Release|x86.Deploy.0 = Release|Any CPU
	EndGlobalSection
	GlobalSection(SolutionProperties) = preSolution
		HideSolutionNode = FALSE
	EndGlobalSection
	GlobalSection(ExtensibilityGlobals) = postSolution
		SolutionGuid = {20A12A12-2C03-4C65-A9B4-3DF83162E395}
	EndGlobalSection
EndGlobal
